{
  "pins" : [
    {
      "identity" : "grdb.swift",
      "kind" : "remoteSourceControl",
      "location" : "https://github.com/sqlcipher/GRDB.swift.git",
      "state" : {
        "revision" : "a285e4ca87ec6b3584c97b0ec25fc61fec02de60",
        "version" : "7.11.1"
      }
    },
    {
      "identity" : "sqlcipher.swift",
      "kind" : "remoteSourceControl",
      "location" : "https://github.com/sqlcipher/SQLCipher.swift.git",
      "state" : {
        "revision" : "205df55271aa1ba512a9bfe3fd1813bc9ac52a19",
        "version" : "4.17.0"
      }
    }
  ],
  "version" : 2
}
